
Microsoft Visual Studio Solution File, Format Version 12.00
# Visual Studio 15
VisualStudioVersion = 15.0.26730.12
MinimumVisualStudioVersion = 10.0.40219.1
Project("{FAE04EC0-301F-11D3-BF4B-00C04F79EFBC}") = "Firebase.Android", "Firebase\Firebase.Android\Firebase.Android.csproj", "{49FE870D-8CEC-4A8A-AE2F-D4102F131E1C}"
EndProject
Project("{FAE04EC0-301F-11D3-BF4B-00C04F79EFBC}") = "Firebase", "Firebase\Firebase\Firebase.csproj", "{DEE7084F-CD43-453D-B21E-B0DD412E1D50}"
EndProject
Project("{FAE04EC0-301F-11D3-BF4B-00C04F79EFBC}") = "Firebase.iOS", "Firebase\Firebase.iOS\Firebase.iOS.csproj", "{B1EA6DB2-5357-4062-A749-FD0471344FAB}"
EndProject
Global
	GlobalSection(SolutionConfigurationPlatforms) = preSolution
		Ad-Hoc|Any CPU = Ad-Hoc|Any CPU
		Ad-Hoc|iPhone = Ad-Hoc|iPhone
		Ad-Hoc|iPhoneSimulator = Ad-Hoc|iPhoneSimulator
		AppStore|Any CPU = AppStore|Any CPU
		AppStore|iPhone = AppStore|iPhone
		AppStore|iPhoneSimulator = AppStore|iPhoneSimulator
		Debug|Any CPU = Debug|Any CPU
		Debug|iPhone = Debug|iPhone
		Debug|iPhoneSimulator = Debug|iPhoneSimulator
		Release|Any CPU = Release|Any CPU
		Release|iPhone = Release|iPhone
		Release|iPhoneSimulator = Release|iPhoneSimulator
	EndGlobalSection
	GlobalSection(ProjectConfigurationPlatforms) = postSolution
		{49FE870D-8CEC-4A8A-AE2F-D4102F131E1C}.Ad-Hoc|Any CPU.ActiveCfg = Release|Any CPU
		{49FE870D-8CEC-4A8A-AE2F-D4102F131E1C}.Ad-Hoc|Any CPU.Build.0 = Release|Any CPU
		{49FE870D-8CEC-4A8A-AE2F-D4102F131E1C}.Ad-Hoc|Any CPU.Deploy.0 = Release|Any CPU
		{49FE870D-8CEC-4A8A-AE2F-D4102F131E1C}.Ad-Hoc|iPhone.ActiveCfg = Release|Any CPU
		{49FE870D-8CEC-4A8A-AE2F-D4102F131E1C}.Ad-Hoc|iPhone.Build.0 = Release|Any CPU
		{49FE870D-8CEC-4A8A-AE2F-D4102F131E1C}.Ad-Hoc|iPhone.Deploy.0 = Release|Any CPU
		{49FE870D-8CEC-4A8A-AE2F-D4102F131E1C}.Ad-Hoc|iPhoneSimulator.ActiveCfg = Release|Any CPU
		{49FE870D-8CEC-4A8A-AE2F-D4102F131E1C}.Ad-Hoc|iPhoneSimulator.Build.0 = Release|Any CPU
		{49FE870D-8CEC-4A8A-AE2F-D4102F131E1C}.Ad-Hoc|iPhoneSimulator.Deploy.0 = Release|Any CPU
		{49FE870D-8CEC-4A8A-AE2F-D4102F131E1C}.AppStore|Any CPU.ActiveCfg = Release|Any CPU
		{49FE870D-8CEC-4A8A-AE2F-D4102F131E1C}.AppStore|Any CPU.Build.0 = Release|Any CPU
		{49FE870D-8CEC-4A8A-AE2F-D4102F131E1C}.AppStore|Any CPU.Deploy.0 = Release|Any CPU
		{49FE870D-8CEC-4A8A-AE2F-D4102F131E1C}.AppStore|iPhone.ActiveCfg = Release|Any CPU
		{49FE870D-8CEC-4A8A-AE2F-D4102F131E1C}.AppStore|iPhone.Build.0 = Release|Any CPU
		{49FE870D-8CEC-4A8A-AE2F-D4102F131E1C}.AppStore|iPhone.Deploy.0 = Release|Any CPU
		{49FE870D-8CEC-4A8A-AE2F-D4102F131E1C}.AppStore|iPhoneSimulator.ActiveCfg = Release|Any CPU
		{49FE870D-8CEC-4A8A-AE2F-D4102F131E1C}.AppStore|iPhoneSimulator.Build.0 = Release|Any CPU
		{49FE870D-8CEC-4A8A-AE2F-D4102F131E1C}.AppStore|iPhoneSimulator.Deploy.0 = Release|Any CPU
		{49FE870D-8CEC-4A8A-AE2F-D4102F131E1C}.Debug|Any CPU.ActiveCfg = Debug|Any CPU
		{49FE870D-8CEC-4A8A-AE2F-D4102F131E1C}.Debug|Any CPU.Build.0 = Debug|Any CPU
		{49FE870D-8CEC-4A8A-AE2F-D4102F131E1C}.Debug|Any CPU.Deploy.0 = Debug|Any CPU
		{49FE870D-8CEC-4A8A-AE2F-D4102F131E1C}.Debug|iPhone.ActiveCfg = Debug|Any CPU
		{49FE870D-8CEC-4A8A-AE2F-D4102F131E1C}.Debug|iPhone.Build.0 = Debug|Any CPU
		{49FE870D-8CEC-4A8A-AE2F-D4102F131E1C}.Debug|iPhone.Deploy.0 = Debug|Any CPU
		{49FE870D-8CEC-4A8A-AE2F-D4102F131E1C}.Debug|iPhoneSimulator.ActiveCfg = Debug|Any CPU
		{49FE870D-8CEC-4A8A-AE2F-D4102F131E1C}.Debug|iPhoneSimulator.Build.0 = Debug|Any CPU
		{49FE870D-8CEC-4A8A-AE2F-D4102F131E1C}.Debug|iPhoneSimulator.Deploy.0 = Debug|Any CPU
		{49FE870D-8CEC-4A8A-AE2F-D4102F131E1C}.Release|Any CPU.ActiveCfg = Release|Any CPU
		{49FE870D-8CEC-4A8A-AE2F-D4102F131E1C}.Release|Any CPU.Build.0 = Release|Any CPU
		{49FE870D-8CEC-4A8A-AE2F-D4102F131E1C}.Release|Any CPU.Deploy.0 = Release|Any CPU
		{49FE870D-8CEC-4A8A-AE2F-D4102F131E1C}.Release|iPhone.ActiveCfg = Release|Any CPU
		{49FE870D-8CEC-4A8A-AE2F-D4102F131E1C}.Release|iPhone.Build.0 = Release|Any CPU
		{49FE870D-8CEC-4A8A-AE2F-D4102F131E1C}.Release|iPhone.Deploy.0 = Release|Any CPU
		{49FE870D-8CEC-4A8A-AE2F-D4102F131E1C}.Release|iPhoneSimulator.ActiveCfg = Release|Any CPU
		{49FE870D-8CEC-4A8A-AE2F-D4102F131E1C}.Release|iPhoneSimulator.Build.0 = Release|Any CPU
		{49FE870D-8CEC-4A8A-AE2F-D4102F131E1C}.Release|iPhoneSimulator.Deploy.0 = Release|Any CPU
		{DEE7084F-CD43-453D-B21E-B0DD412E1D50}.Ad-Hoc|Any CPU.ActiveCfg = Release|Any CPU
		{DEE7084F-CD43-453D-B21E-B0DD412E1D50}.Ad-Hoc|Any CPU.Build.0 = Release|Any CPU
		{DEE7084F-CD43-453D-B21E-B0DD412E1D50}.Ad-Hoc|iPhone.ActiveCfg = Release|Any CPU
		{DEE7084F-CD43-453D-B21E-B0DD412E1D50}.Ad-Hoc|iPhone.Build.0 = Release|Any CPU
		{DEE7084F-CD43-453D-B21E-B0DD412E1D50}.Ad-Hoc|iPhoneSimulator.ActiveCfg = Release|Any CPU
		{DEE7084F-CD43-453D-B21E-B0DD412E1D50}.Ad-Hoc|iPhoneSimulator.Build.0 = Release|Any CPU
		{DEE7084F-CD43-453D-B21E-B0DD412E1D50}.AppStore|Any CPU.ActiveCfg = Release|Any CPU
		{DEE7084F-CD43-453D-B21E-B0DD412E1D50}.AppStore|Any CPU.Build.0 = Release|Any CPU
		{DEE7084F-CD43-453D-B21E-B0DD412E1D50}.AppStore|iPhone.ActiveCfg = Release|Any CPU
		{DEE7084F-CD43-453D-B21E-B0DD412E1D50}.AppStore|iPhone.Build.0 = Release|Any CPU
		{DEE7084F-CD43-453D-B21E-B0DD412E1D50}.AppStore|iPhoneSimulator.ActiveCfg = Release|Any CPU
		{DEE7084F-CD43-453D-B21E-B0DD412E1D50}.AppStore|iPhoneSimulator.Build.0 = Release|Any CPU
		{DEE7084F-CD43-453D-B21E-B0DD412E1D50}.Debug|Any CPU.ActiveCfg = Debug|Any CPU
		{DEE7084F-CD43-453D-B21E-B0DD412E1D50}.Debug|Any CPU.Build.0 = Debug|Any CPU
		{DEE7084F-CD43-453D-B21E-B0DD412E1D50}.Debug|iPhone.ActiveCfg = Debug|Any CPU
		{DEE7084F-CD43-453D-B21E-B0DD412E1D50}.Debug|iPhone.Build.0 = Debug|Any CPU
		{DEE7084F-CD43-453D-B21E-B0DD412E1D50}.Debug|iPhoneSimulator.ActiveCfg = Debug|Any CPU
		{DEE7084F-CD43-453D-B21E-B0DD412E1D50}.Debug|iPhoneSimulator.Build.0 = Debug|Any CPU
		{DEE7084F-CD43-453D-B21E-B0DD412E1D50}.Release|Any CPU.ActiveCfg = Release|Any CPU
		{DEE7084F-CD43-453D-B21E-B0DD412E1D50}.Release|Any CPU.Build.0 = Release|Any CPU
		{DEE7084F-CD43-453D-B21E-B0DD412E1D50}.Release|iPhone.ActiveCfg = Release|Any CPU
		{DEE7084F-CD43-453D-B21E-B0DD412E1D50}.Release|iPhone.Build.0 = Release|Any CPU
		{DEE7084F-CD43-453D-B21E-B0DD412E1D50}.Release|iPhoneSimulator.ActiveCfg = Release|Any CPU
		{DEE7084F-CD43-453D-B21E-B0DD412E1D50}.Release|iPhoneSimulator.Build.0 = Release|Any CPU
		{B1EA6DB2-5357-4062-A749-FD0471344FAB}.Ad-Hoc|Any CPU.ActiveCfg = Ad-Hoc|iPhone
		{B1EA6DB2-5357-4062-A749-FD0471344FAB}.Ad-Hoc|iPhone.ActiveCfg = Ad-Hoc|iPhone
		{B1EA6DB2-5357-4062-A749-FD0471344FAB}.Ad-Hoc|iPhone.Build.0 = Ad-Hoc|iPhone
		{B1EA6DB2-5357-4062-A749-FD0471344FAB}.Ad-Hoc|iPhoneSimulator.ActiveCfg = Ad-Hoc|iPhoneSimulator
		{B1EA6DB2-5357-4062-A749-FD0471344FAB}.Ad-Hoc|iPhoneSimulator.Build.0 = Ad-Hoc|iPhoneSimulator
		{B1EA6DB2-5357-4062-A749-FD0471344FAB}.AppStore|Any CPU.ActiveCfg = AppStore|iPhone
		{B1EA6DB2-5357-4062-A749-FD0471344FAB}.AppStore|iPhone.ActiveCfg = AppStore|iPhone
		{B1EA6DB2-5357-4062-A749-FD0471344FAB}.AppStore|iPhone.Build.0 = AppStore|iPhone
		{B1EA6DB2-5357-4062-A749-FD0471344FAB}.AppStore|iPhoneSimulator.ActiveCfg = AppStore|iPhoneSimulator
		{B1EA6DB2-5357-4062-A749-FD0471344FAB}.AppStore|iPhoneSimulator.Build.0 = AppStore|iPhoneSimulator
		{B1EA6DB2-5357-4062-A749-FD0471344FAB}.Debug|Any CPU.ActiveCfg = Debug|iPhone
		{B1EA6DB2-5357-4062-A749-FD0471344FAB}.Debug|iPhone.ActiveCfg = Debug|iPhone
		{B1EA6DB2-5357-4062-A749-FD0471344FAB}.Debug|iPhone.Build.0 = Debug|iPhone
		{B1EA6DB2-5357-4062-A749-FD0471344FAB}.Debug|iPhoneSimulator.ActiveCfg = Debug|iPhoneSimulator
		{B1EA6DB2-5357-4062-A749-FD0471344FAB}.Debug|iPhoneSimulator.Build.0 = Debug|iPhoneSimulator
		{B1EA6DB2-5357-4062-A749-FD0471344FAB}.Release|Any CPU.ActiveCfg = Release|iPhone
		{B1EA6DB2-5357-4062-A749-FD0471344FAB}.Release|iPhone.ActiveCfg = Release|iPhone
		{B1EA6DB2-5357-4062-A749-FD0471344FAB}.Release|iPhone.Build.0 = Release|iPhone
		{B1EA6DB2-5357-4062-A749-FD0471344FAB}.Release|iPhoneSimulator.ActiveCfg = Release|iPhoneSimulator
		{B1EA6DB2-5357-4062-A749-FD0471344FAB}.Release|iPhoneSimulator.Build.0 = Release|iPhoneSimulator
	EndGlobalSection
	GlobalSection(SolutionProperties) = preSolution
		HideSolutionNode = FALSE
	EndGlobalSection
	GlobalSection(ExtensibilityGlobals) = postSolution
		SolutionGuid = {B2160AA0-1108-48FC-8174-822E07BD66E7}
	EndGlobalSection
EndGlobal
